
Microsoft Visual Studio Solution File, Format Version 12.00
# Visual Studio Version 16
VisualStudioVersion = 16.0.30804.86
MinimumVisualStudioVersion = 10.0.40219.1
Project("{9A19103F-16F7-4668-BE54-9A1E7A4F7556}") = "Blog.Shared", "Blog.Shared\Blog.Shared.csproj", "{245783F1-5138-4DBB-8FC3-F2ED4F2F5351}"
EndProject
Project("{9A19103F-16F7-4668-BE54-9A1E7A4F7556}") = "Blog.Entities", "Blog.Entities\Blog.Entities.csproj", "{0CB51198-066B-4DB3-8925-0EAC255E2CD9}"
EndProject
Project("{9A19103F-16F7-4668-BE54-9A1E7A4F7556}") = "Blog.Data", "Blog.Data\Blog.Data.csproj", "{2C99CE21-8D88-47B1-859F-45DC21D1435D}"
EndProject
Project("{9A19103F-16F7-4668-BE54-9A1E7A4F7556}") = "Blog.Services", "Blog.Services\Blog.Services.csproj", "{126727E8-25CA-4AD9-A901-88F0924BB091}"
EndProject
Project("{9A19103F-16F7-4668-BE54-9A1E7A4F7556}") = "Blog.Mvc", "Blog.Mvc\Blog.Mvc.csproj", "{AEFA0491-6832-4DB1-AC55-C66515A8C922}"
EndProject
Global
	GlobalSection(SolutionConfigurationPlatforms) = preSolution
		Debug|Any CPU = Debug|Any CPU
		Release|Any CPU = Release|Any CPU
	EndGlobalSection
	GlobalSection(ProjectConfigurationPlatforms) = postSolution
		{245783F1-5138-4DBB-8FC3-F2ED4F2F5351}.Debug|Any CPU.ActiveCfg = Debug|Any CPU
		{245783F1-5138-4DBB-8FC3-F2ED4F2F5351}.Debug|Any CPU.Build.0 = Debug|Any CPU
		{245783F1-5138-4DBB-8FC3-F2ED4F2F5351}.Release|Any CPU.ActiveCfg = Release|Any CPU
		{245783F1-5138-4DBB-8FC3-F2ED4F2F5351}.Release|Any CPU.Build.0 = Release|Any CPU
		{0CB51198-066B-4DB3-8925-0EAC255E2CD9}.Debug|Any CPU.ActiveCfg = Debug|Any CPU
		{0CB51198-066B-4DB3-8925-0EAC255E2CD9}.Debug|Any CPU.Build.0 = Debug|Any CPU
		{0CB51198-066B-4DB3-8925-0EAC255E2CD9}.Release|Any CPU.ActiveCfg = Release|Any CPU
		{0CB51198-066B-4DB3-8925-0EAC255E2CD9}.Release|Any CPU.Build.0 = Release|Any CPU
		{2C99CE21-8D88-47B1-859F-45DC21D1435D}.Debug|Any CPU.ActiveCfg = Debug|Any CPU
		{2C99CE21-8D88-47B1-859F-45DC21D1435D}.Debug|Any CPU.Build.0 = Debug|Any CPU
		{2C99CE21-8D88-47B1-859F-45DC21D1435D}.Release|Any CPU.ActiveCfg = Release|Any CPU
		{2C99CE21-8D88-47B1-859F-45DC21D1435D}.Release|Any CPU.Build.0 = Release|Any CPU
		{126727E8-25CA-4AD9-A901-88F0924BB091}.Debug|Any CPU.ActiveCfg = Debug|Any CPU
		{126727E8-25CA-4AD9-A901-88F0924BB091}.Debug|Any CPU.Build.0 = Debug|Any CPU
		{126727E8-25CA-4AD9-A901-88F0924BB091}.Release|Any CPU.ActiveCfg = Release|Any CPU
		{126727E8-25CA-4AD9-A901-88F0924BB091}.Release|Any CPU.Build.0 = Release|Any CPU
		{AEFA0491-6832-4DB1-AC55-C66515A8C922}.Debug|Any CPU.ActiveCfg = Debug|Any CPU
		{AEFA0491-6832-4DB1-AC55-C66515A8C922}.Debug|Any CPU.Build.0 = Debug|Any CPU
		{AEFA0491-6832-4DB1-AC55-C66515A8C922}.Release|Any CPU.ActiveCfg = Release|Any CPU
		{AEFA0491-6832-4DB1-AC55-C66515A8C922}.Release|Any CPU.Build.0 = Release|Any CPU
	EndGlobalSection
	GlobalSection(SolutionProperties) = preSolution
		HideSolutionNode = FALSE
	EndGlobalSection
	GlobalSection(ExtensibilityGlobals) = postSolution
		SolutionGuid = {14716493-23D7-40FD-96AC-9AFFD5A55878}
	EndGlobalSection
EndGlobal
